// !$*UTF8*$!
{
	archiveVersion = 1;
	classes = {
	};
	objectVersion = 51;
	objects = {

/* Begin PBXBuildFile section */
		AAD6C06C259559A20042A4F1 /* GoogleService-Info.plist in Resources */ = {isa = PBXBuildFile; fileRef = AAD6C06B259559A20042A4F1 /* GoogleService-Info.plist */; };
		AAD6C06F25956E7E0042A4F1 /* Infrastructure.swift in Sources */ = {isa = PBXBuildFile; fileRef = AAD6C06E25956E7E0042A4F1 /* Infrastructure.swift */; };
		AAFEC6C2251AD2F1002908F7 /* AppDelegate.swift in Sources */ = {isa = PBXBuildFile; fileRef = AAFEC6C1251AD2F1002908F7 /* AppDelegate.swift */; };
		AAFEC6C4251AD2F1002908F7 /* SceneDelegate.swift in Sources */ = {isa = PBXBuildFile; fileRef = AAFEC6C3251AD2F1002908F7 /* SceneDelegate.swift */; };
		AAFEC6C6251AD2F1002908F7 /* ViewController.swift in Sources */ = {isa = PBXBuildFile; fileRef = AAFEC6C5251AD2F1002908F7 /* ViewController.swift */; };
		AAFEC6C9251AD2F1002908F7 /* Main.storyboard in Resources */ = {isa = PBXBuildFile; fileRef = AAFEC6C7251AD2F1002908F7 /* Main.storyboard */; };
		AAFEC6CB251AD2F4002908F7 /* Assets.xcassets in Resources */ = {isa = PBXBuildFile; fileRef = AAFEC6CA251AD2F4002908F7 /* Assets.xcassets */; };
		AAFEC6CE251AD2F4002908F7 /* LaunchScreen.storyboard in Resources */ = {isa = PBXBuildFile; fileRef = AAFEC6CC251AD2F4002908F7 /* LaunchScreen.storyboard */; };
		CF460E9F978EBFEF2CEDDE3A /* Pods_STEMHacks.framework in Frameworks */ = {isa = PBXBuildFile; fileRef = EB3F063D0E575A3919A6E92F /* Pods_STEMHacks.framework */; };
/* End PBXBuildFile section */

/* Begin PBXFileReference section */
		2ED8BE3EA1425CB9B6CD2664 /* Pods-STEMHacks.release.xcconfig */ = {isa = PBXFileReference; includeInIndex = 1; lastKnownFileType = text.xcconfig; name = "Pods-STEMHacks.release.xcconfig"; path = "Target Support Files/Pods-STEMHacks/Pods-STEMHacks.release.xcconfig"; sourceTree = "<group>"; };
		AAD6C06B259559A20042A4F1 /* GoogleService-Info.plist */ = {isa = PBXFileReference; fileEncoding = 4; lastKnownFileType = text.plist.xml; path = "GoogleService-Info.plist"; sourceTree = "<group>"; };
		AAD6C06E25956E7E0042A4F1 /* Infrastructure.swift */ = {isa = PBXFileReference; lastKnownFileType = sourcecode.swift; path = Infrastructure.swift; sourceTree = "<group>"; };
		AAFEC6BE251AD2F1002908F7 /* STEMHacks.app */ = {isa = PBXFileReference; explicitFileType = wrapper.application; includeInIndex = 0; path = STEMHacks.app; sourceTree = BUILT_PRODUCTS_DIR; };
		AAFEC6C1251AD2F1002908F7 /* AppDelegate.swift */ = {isa = PBXFileReference; lastKnownFileType = sourcecode.swift; path = AppDelegate.swift; sourceTree = "<group>"; };
		AAFEC6C3251AD2F1002908F7 /* SceneDelegate.swift */ = {isa = PBXFileReference; lastKnownFileType = sourcecode.swift; path = SceneDelegate.swift; sourceTree = "<group>"; };
		AAFEC6C5251AD2F1002908F7 /* ViewController.swift */ = {isa = PBXFileReference; lastKnownFileType = sourcecode.swift; path = ViewController.swift; sourceTree = "<group>"; };
		AAFEC6C8251AD2F1002908F7 /* Base */ = {isa = PBXFileReference; lastKnownFileType = file.storyboard; name = Base; path = Base.lproj/Main.storyboard; sourceTree = "<group>"; };
		AAFEC6CA251AD2F4002908F7 /* Assets.xcassets */ = {isa = PBXFileReference; lastKnownFileType = folder.assetcatalog; path = Assets.xcassets; sourceTree = "<group>"; };
		AAFEC6CD251AD2F4002908F7 /* Base */ = {isa = PBXFileReference; lastKnownFileType = file.storyboard; name = Base; path = Base.lproj/LaunchScreen.storyboard; sourceTree = "<group>"; };
		AAFEC6CF251AD2F4002908F7 /* Info.plist */ = {isa = PBXFileReference; lastKnownFileType = text.plist.xml; path = Info.plist; sourceTree = "<group>"; };
		B39D72C8161D176500D8EDFB /* Pods-STEMHacks.debug.xcconfig */ = {isa = PBXFileReference; includeInIndex = 1; lastKnownFileType = text.xcconfig; name = "Pods-STEMHacks.debug.xcconfig"; path = "Target Support Files/Pods-STEMHacks/Pods-STEMHacks.debug.xcconfig"; sourceTree = "<group>"; };
		EB3F063D0E575A3919A6E92F /* Pods_STEMHacks.framework */ = {isa = PBXFileReference; explicitFileType = wrapper.framework; includeInIndex = 0; path = Pods_STEMHacks.framework; sourceTree = BUILT_PRODUCTS_DIR; };
/* End PBXFileReference section */

/* Begin PBXFrameworksBuildPhase section */
		AAFEC6BB251AD2F1002908F7 /* Frameworks */ = {
			isa = PBXFrameworksBuildPhase;
			buildActionMask = 2147483647;
			files = (
				CF460E9F978EBFEF2CEDDE3A /* Pods_STEMHacks.framework in Frameworks */,
			);
			runOnlyForDeploymentPostprocessing = 0;
		};
/* End PBXFrameworksBuildPhase section */

/* Begin PBXGroup section */
		8D1C098704D913FE6ACC99B1 /* Frameworks */ = {
			isa = PBXGroup;
			children = (
				EB3F063D0E575A3919A6E92F /* Pods_STEMHacks.framework */,
			);
			name = Frameworks;
			sourceTree = "<group>";
		};
		AAFEC6B5251AD2F1002908F7 = {
			isa = PBXGroup;
			children = (
				AAFEC6C0251AD2F1002908F7 /* STEMHacks */,
				AAFEC6BF251AD2F1002908F7 /* Products */,
				D3A8CF5C301F2C20BD22BEBD /* Pods */,
				8D1C098704D913FE6ACC99B1 /* Frameworks */,
			);
			sourceTree = "<group>";
		};
		AAFEC6BF251AD2F1002908F7 /* Products */ = {
			isa = PBXGroup;
			children = (
				AAFEC6BE251AD2F1002908F7 /* STEMHacks.app */,
			);
			name = Products;
			sourceTree = "<group>";
		};
		AAFEC6C0251AD2F1002908F7 /* STEMHacks */ = {
			isa = PBXGroup;
			children = (
				AAFEC6C1251AD2F1002908F7 /* AppDelegate.swift */,
				AAFEC6C3251AD2F1002908F7 /* SceneDelegate.swift */,
				AAFEC6C5251AD2F1002908F7 /* ViewController.swift */,
				AAD6C06E25956E7E0042A4F1 /* Infrastructure.swift */,
				AAFEC6C7251AD2F1002908F7 /* Main.storyboard */,
				AAFEC6CA251AD2F4002908F7 /* Assets.xcassets */,
				AAFEC6CC251AD2F4002908F7 /* LaunchScreen.storyboard */,
				AAFEC6CF251AD2F4002908F7 /* Info.plist */,
				AAD6C06B259559A20042A4F1 /* GoogleService-Info.plist */,
			);
			path = STEMHacks;
			sourceTree = "<group>";
		};
		D3A8CF5C301F2C20BD22BEBD /* Pods */ = {
			isa = PBXGroup;
			children = (
				B39D72C8161D176500D8EDFB /* Pods-STEMHacks.debug.xcconfig */,
				2ED8BE3EA1425CB9B6CD2664 /* Pods-STEMHacks.release.xcconfig */,
			);
			path = Pods;
			sourceTree = "<group>";
		};
/* End PBXGroup section */

/* Begin PBXNativeTarget section */
		AAFEC6BD251AD2F1002908F7 /* STEMHacks */ = {
			isa = PBXNativeTarget;
			buildConfigurationList = AAFEC6D2251AD2F4002908F7 /* Build configuration list for PBXNativeTarget "STEMHacks" */;
			buildPhases = (
				9D0A855A22F7D1B95EEF3A4F /* [CP] Check Pods Manifest.lock */,
				AAFEC6BA251AD2F1002908F7 /* Sources */,
				AAFEC6BB251AD2F1002908F7 /* Frameworks */,
				AAFEC6BC251AD2F1002908F7 /* Resources */,
				F0D64642B3AFE08746764C1C /* [CP] Embed Pods Frameworks */,
			);
			buildRules = (
			);
			dependencies = (
			);
			name = STEMHacks;
			productName = STEMHacks;
			productReference = AAFEC6BE251AD2F1002908F7 /* STEMHacks.app */;
			productType = "com.apple.product-type.application";
		};
/* End PBXNativeTarget section */

/* Begin PBXProject section */
		AAFEC6B6251AD2F1002908F7 /* Project object */ = {
			isa = PBXProject;
			attributes = {
				LastSwiftUpdateCheck = 1200;
				LastUpgradeCheck = 1200;
				TargetAttributes = {
					AAFEC6BD251AD2F1002908F7 = {
						CreatedOnToolsVersion = 12.0;
					};
				};
			};
			buildConfigurationList = AAFEC6B9251AD2F1002908F7 /* Build configuration list for PBXProject "STEMHacks" */;
			compatibilityVersion = "Xcode 9.3";
			developmentRegion = en;
			hasScannedForEncodings = 0;
			knownRegions = (
				en,
				Base,
			);
			mainGroup = AAFEC6B5251AD2F1002908F7;
			productRefGroup = AAFEC6BF251AD2F1002908F7 /* Products */;
			projectDirPath = "";
			projectRoot = "";
			targets = (
				AAFEC6BD251AD2F1002908F7 /* STEMHacks */,
			);
		};
/* End PBXProject section */

/* Begin PBXResourcesBuildPhase section */
		AAFEC6BC251AD2F1002908F7 /* Resources */ = {
			isa = PBXResourcesBuildPhase;
			buildActionMask = 2147483647;
			files = (
				AAFEC6CE251AD2F4002908F7 /* LaunchScreen.storyboard in Resources */,
				AAD6C06C259559A20042A4F1 /* GoogleService-Info.plist in Resources */,
				AAFEC6CB251AD2F4002908F7 /* Assets.xcassets in Resources */,
				AAFEC6C9251AD2F1002908F7 /* Main.storyboard in Resources */,
			);
			runOnlyForDeploymentPostprocessing = 0;
		};
/* End PBXResourcesBuildPhase section */

/* Begin PBXShellScriptBuildPhase section */
		9D0A855A22F7D1B95EEF3A4F /* [CP] Check Pods Manifest.lock */ = {
			isa = PBXShellScriptBuildPhase;
			buildActionMask = 2147483647;
			files = (
			);
			inputFileListPaths = (
			);
			inputPaths = (
				"${PODS_PODFILE_DIR_PATH}/Podfile.lock",
				"${PODS_ROOT}/Manifest.lock",
			);
			name = "[CP] Check Pods Manifest.lock";
			outputFileListPaths = (
			);
			outputPaths = (
				"$(DERIVED_FILE_DIR)/Pods-STEMHacks-checkManifestLockResult.txt",
			);
			runOnlyForDeploymentPostprocessing = 0;
			shellPath = /bin/sh;
			shellScript = "diff \"${PODS_PODFILE_DIR_PATH}/Podfile.lock\" \"${PODS_ROOT}/Manifest.lock\" > /dev/null\nif [ $? != 0 ] ; then\n    # print error to STDERR\n    echo \"error: The sandbox is not in sync with the Podfile.lock. Run 'pod install' or update your CocoaPods installation.\" >&2\n    exit 1\nfi\n# This output is used by Xcode 'outputs' to avoid re-running this script phase.\necho \"SUCCESS\" > \"${SCRIPT_OUTPUT_FILE_0}\"\n";
			showEnvVarsInLog = 0;
		};
		F0D64642B3AFE08746764C1C /* [CP] Embed Pods Frameworks */ = {
			isa = PBXShellScriptBuildPhase;
			buildActionMask = 2147483647;
			files = (
			);
			inputFileListPaths = (
				"${PODS_ROOT}/Target Support Files/Pods-STEMHacks/Pods-STEMHacks-frameworks-${CONFIGURATION}-input-files.xcfilelist",
			);
			name = "[CP] Embed Pods Frameworks";
			outputFileListPaths = (
				"${PODS_ROOT}/Target Support Files/Pods-STEMHacks/Pods-STEMHacks-frameworks-${CONFIGURATION}-output-files.xcfilelist",
			);
			runOnlyForDeploymentPostprocessing = 0;
			shellPath = /bin/sh;
			shellScript = "\"${PODS_ROOT}/Target Support Files/Pods-STEMHacks/Pods-STEMHacks-frameworks.sh\"\n";
			showEnvVarsInLog = 0;
		};
/* End PBXShellScriptBuildPhase section */

/* Begin PBXSourcesBuildPhase section */
		AAFEC6BA251AD2F1002908F7 /* Sources */ = {
			isa = PBXSourcesBuildPhase;
			buildActionMask = 2147483647;
			files = (
				AAD6C06F25956E7E0042A4F1 /* Infrastructure.swift in Sources */,
				AAFEC6C6251AD2F1002908F7 /* ViewController.swift in Sources */,
				AAFEC6C2251AD2F1002908F7 /* AppDelegate.swift in Sources */,
				AAFEC6C4251AD2F1002908F7 /* SceneDelegate.swift in Sources */,
			);
			runOnlyForDeploymentPostprocessing = 0;
		};
/* End PBXSourcesBuildPhase section */

/* Begin PBXVariantGroup section */
		AAFEC6C7251AD2F1002908F7 /* Main.storyboard */ = {
			isa = PBXVariantGroup;
			children = (
				AAFEC6C8251AD2F1002908F7 /* Base */,
			);
			name = Main.storyboard;
			sourceTree = "<group>";
		};
		AAFEC6CC251AD2F4002908F7 /* LaunchScreen.storyboard */ = {
			isa = PBXVariantGroup;
			children = (
				AAFEC6CD251AD2F4002908F7 /* Base */,
			);
			name = LaunchScreen.storyboard;
			sourceTree = "<group>";
		};
/* End PBXVariantGroup section */

/* Begin XCBuildConfiguration section */
		AAFEC6D0251AD2F4002908F7 /* Debug */ = {
			isa = XCBuildConfiguration;
			buildSettings = {
				ALWAYS_SEARCH_USER_PATHS = NO;
				CLANG_ANALYZER_NONNULL = YES;
				CLANG_ANALYZER_NUMBER_OBJECT_CONVERSION = YES_AGGRESSIVE;
				CLANG_CXX_LANGUAGE_STANDARD = "gnu++14";
				CLANG_CXX_LIBRARY = "libc++";
				CLANG_ENABLE_MODULES = YES;
				CLANG_ENABLE_OBJC_ARC = YES;
				CLANG_ENABLE_OBJC_WEAK = YES;
				CLANG_WARN_BLOCK_CAPTURE_AUTORELEASING = YES;
				CLANG_WARN_BOOL_CONVERSION = YES;
				CLANG_WARN_COMMA = YES;
				CLANG_WARN_CONSTANT_CONVERSION = YES;
				CLANG_WARN_DEPRECATED_OBJC_IMPLEMENTATIONS = YES;
				CLANG_WARN_DIRECT_OBJC_ISA_USAGE = YES_ERROR;
				CLANG_WARN_DOCUMENTATION_COMMENTS = YES;
				CLANG_WARN_EMPTY_BODY = YES;
				CLANG_WARN_ENUM_CONVERSION = YES;
				CLANG_WARN_INFINITE_RECURSION = YES;
				CLANG_WARN_INT_CONVERSION = YES;
				CLANG_WARN_NON_LITERAL_NULL_CONVERSION = YES;
				CLANG_WARN_OBJC_IMPLICIT_RETAIN_SELF = YES;
				CLANG_WARN_OBJC_LITERAL_CONVERSION = YES;
				CLANG_WARN_OBJC_ROOT_CLASS = YES_ERROR;
				CLANG_WARN_QUOTED_INCLUDE_IN_FRAMEWORK_HEADER = YES;
				CLANG_WARN_RANGE_LOOP_ANALYSIS = YES;
				CLANG_WARN_STRICT_PROTOTYPES = YES;
				CLANG_WARN_SUSPICIOUS_MOVE = YES;
				CLANG_WARN_UNGUARDED_AVAILABILITY = YES_AGGRESSIVE;
				CLANG_WARN_UNREACHABLE_CODE = YES;
				CLANG_WARN__DUPLICATE_METHOD_MATCH = YES;
				COPY_PHASE_STRIP = NO;
				DEBUG_INFORMATION_FORMAT = dwarf;
				ENABLE_STRICT_OBJC_MSGSEND = YES;
				ENABLE_TESTABILITY = YES;
				GCC_C_LANGUAGE_STANDARD = gnu11;
				GCC_DYNAMIC_NO_PIC = NO;
				GCC_NO_COMMON_BLOCKS = YES;
				GCC_OPTIMIZATION_LEVEL = 0;
				GCC_PREPROCESSOR_DEFINITIONS = (
					"DEBUG=1",
					"$(inherited)",
				);
				GCC_WARN_64_TO_32_BIT_CONVERSION = YES;
				GCC_WARN_ABOUT_RETURN_TYPE = YES_ERROR;
				GCC_WARN_UNDECLARED_SELECTOR = YES;
				GCC_WARN_UNINITIALIZED_AUTOS = YES_AGGRESSIVE;
				GCC_WARN_UNUSED_FUNCTION = YES;
				GCC_WARN_UNUSED_VARIABLE = YES;
				IPHONEOS_DEPLOYMENT_TARGET = 14.0;
				MTL_ENABLE_DEBUG_INFO = INCLUDE_SOURCE;
				MTL_FAST_MATH = YES;
				ONLY_ACTIVE_ARCH = YES;
				SDKROOT = iphoneos;
				SWIFT_ACTIVE_COMPILATION_CONDITIONS = DEBUG;
				SWIFT_OPTIMIZATION_LEVEL = "-Onone";
			};
			name = Debug;
		};
		AAFEC6D1251AD2F4002908F7 /* Release */ = {
			isa = XCBuildConfiguration;
			buildSettings = {
				ALWAYS_SEARCH_USER_PATHS = NO;
				CLANG_ANALYZER_NONNULL = YES;
				CLANG_ANALYZER_NUMBER_OBJECT_CONVERSION = YES_AGGRESSIVE;
				CLANG_CXX_LANGUAGE_STANDARD = "gnu++14";
				CLANG_CXX_LIBRARY = "libc++";
				CLANG_ENABLE_MODULES = YES;
				CLANG_ENABLE_OBJC_ARC = YES;
				CLANG_ENABLE_OBJC_WEAK = YES;
				CLANG_WARN_BLOCK_CAPTURE_AUTORELEASING = YES;
				CLANG_WARN_BOOL_CONVERSION = YES;
				CLANG_WARN_COMMA = YES;
				CLANG_WARN_CONSTANT_CONVERSION = YES;
				CLANG_WARN_DEPRECATED_OBJC_IMPLEMENTATIONS = YES;
				CLANG_WARN_DIRECT_OBJC_ISA_USAGE = YES_ERROR;
				CLANG_WARN_DOCUMENTATION_COMMENTS = YES;
				CLANG_WARN_EMPTY_BODY = YES;
				CLANG_WARN_ENUM_CONVERSION = YES;
				CLANG_WARN_INFINITE_RECURSION = YES;
				CLANG_WARN_INT_CONVERSION = YES;
				CLANG_WARN_NON_LITERAL_NULL_CONVERSION = YES;
				CLANG_WARN_OBJC_IMPLICIT_RETAIN_SELF = YES;
				CLANG_WARN_OBJC_LITERAL_CONVERSION = YES;
				CLANG_WARN_OBJC_ROOT_CLASS = YES_ERROR;
				CLANG_WARN_QUOTED_INCLUDE_IN_FRAMEWORK_HEADER = YES;
				CLANG_WARN_RANGE_LOOP_ANALYSIS = YES;
				CLANG_WARN_STRICT_PROTOTYPES = YES;
				CLANG_WARN_SUSPICIOUS_MOVE = YES;
				CLANG_WARN_UNGUARDED_AVAILABILITY = YES_AGGRESSIVE;
				CLANG_WARN_UNREACHABLE_CODE = YES;
				CLANG_WARN__DUPLICATE_METHOD_MATCH = YES;
				COPY_PHASE_STRIP = NO;
				DEBUG_INFORMATION_FORMAT = "dwarf-with-dsym";
				ENABLE_NS_ASSERTIONS = NO;
				ENABLE_STRICT_OBJC_MSGSEND = YES;
				GCC_C_LANGUAGE_STANDARD = gnu11;
				GCC_NO_COMMON_BLOCKS = YES;
				GCC_WARN_64_TO_32_BIT_CONVERSION = YES;
				GCC_WARN_ABOUT_RETURN_TYPE = YES_ERROR;
				GCC_WARN_UNDECLARED_SELECTOR = YES;
				GCC_WARN_UNINITIALIZED_AUTOS = YES_AGGRESSIVE;
				GCC_WARN_UNUSED_FUNCTION = YES;
				GCC_WARN_UNUSED_VARIABLE = YES;
				IPHONEOS_DEPLOYMENT_TARGET = 14.0;
				MTL_ENABLE_DEBUG_INFO = NO;
				MTL_FAST_MATH = YES;
				SDKROOT = iphoneos;
				SWIFT_COMPILATION_MODE = wholemodule;
				SWIFT_OPTIMIZATION_LEVEL = "-O";
				VALIDATE_PRODUCT = YES;
			};
			name = Release;
		};
		AAFEC6D3251AD2F4002908F7 /* Debug */ = {
			isa = XCBuildConfiguration;
			baseConfigurationReference = B39D72C8161D176500D8EDFB /* Pods-STEMHacks.debug.xcconfig */;
			buildSettings = {
				ASSETCATALOG_COMPILER_APPICON_NAME = AppIcon;
				ASSETCATALOG_COMPILER_GLOBAL_ACCENT_COLOR_NAME = AccentColor;
				CODE_SIGN_STYLE = Automatic;
				DEVELOPMENT_TEAM = 25XPW9P344;
				INFOPLIST_FILE = STEMHacks/Info.plist;
				LD_RUNPATH_SEARCH_PATHS = (
					"$(inherited)",
					"@executable_path/Frameworks",
				);
				PRODUCT_BUNDLE_IDENTIFIER = com.ebm.STEMHacks;
				PRODUCT_NAME = "$(TARGET_NAME)";
				SWIFT_VERSION = 5.0;
				TARGETED_DEVICE_FAMILY = "1,2";
			};
			name = Debug;
		};
		AAFEC6D4251AD2F4002908F7 /* Release */ = {
			isa = XCBuildConfiguration;
			baseConfigurationReference = 2ED8BE3EA1425CB9B6CD2664 /* Pods-STEMHacks.release.xcconfig */;
			buildSettings = {
				ASSETCATALOG_COMPILER_APPICON_NAME = AppIcon;
				ASSETCATALOG_COMPILER_GLOBAL_ACCENT_COLOR_NAME = AccentColor;
				CODE_SIGN_STYLE = Automatic;
				DEVELOPMENT_TEAM = 25XPW9P344;
				INFOPLIST_FILE = STEMHacks/Info.plist;
				LD_RUNPATH_SEARCH_PATHS = (
					"$(inherited)",
					"@executable_path/Frameworks",
				);
				PRODUCT_BUNDLE_IDENTIFIER = com.ebm.STEMHacks;
				PRODUCT_NAME = "$(TARGET_NAME)";
				SWIFT_VERSION = 5.0;
				TARGETED_DEVICE_FAMILY = "1,2";
			};
			name = Release;
		};
/* End XCBuildConfiguration section */

/* Begin XCConfigurationList section */
		AAFEC6B9251AD2F1002908F7 /* Build configuration list for PBXProject "STEMHacks" */ = {
			isa = XCConfigurationList;
			buildConfigurations = (
				AAFEC6D0251AD2F4002908F7 /* Debug */,
				AAFEC6D1251AD2F4002908F7 /* Release */,
			);
			defaultConfigurationIsVisible = 0;
			defaultConfigurationName = Release;
		};
		AAFEC6D2251AD2F4002908F7 /* Build configuration list for PBXNativeTarget "STEMHacks" */ = {
			isa = XCConfigurationList;
			buildConfigurations = (
				AAFEC6D3251AD2F4002908F7 /* Debug */,
				AAFEC6D4251AD2F4002908F7 /* Release */,
			);
			defaultConfigurationIsVisible = 0;
			defaultConfigurationName = Release;
		};
/* End XCConfigurationList section */
	};
	rootObject = AAFEC6B6251AD2F1002908F7 /* Project object */;
}
